
Microsoft Visual Studio Solution File, Format Version 12.00
# Visual Studio Version 17
VisualStudioVersion = 17.8.34322.80
MinimumVisualStudioVersion = 10.0.40219.1
Project("{FAE04EC0-301F-11D3-BF4B-00C04F79EFBC}") = "MemoryDisplay", "MemoryDisplay\MemoryDisplay.csproj", "{DA04D4C0-197B-42EA-ABE2-6AD3B4736B4D}"
EndProject
Global
	GlobalSection(SolutionConfigurationPlatforms) = preSolution
		Debug|Any CPU = Debug|Any CPU
		Release|Any CPU = Release|Any CPU
	EndGlobalSection
	GlobalSection(ProjectConfigurationPlatforms) = postSolution
		{DA04D4C0-197B-42EA-ABE2-6AD3B4736B4D}.Debug|Any CPU.ActiveCfg = Debug|Any CPU
		{DA04D4C0-197B-42EA-ABE2-6AD3B4736B4D}.Debug|Any CPU.Build.0 = Debug|Any CPU
		{DA04D4C0-197B-42EA-ABE2-6AD3B4736B4D}.Release|Any CPU.ActiveCfg = Release|Any CPU
		{DA04D4C0-197B-42EA-ABE2-6AD3B4736B4D}.Release|Any CPU.Build.0 = Release|Any CPU
	EndGlobalSection
	GlobalSection(SolutionProperties) = preSolution
		HideSolutionNode = FALSE
	EndGlobalSection
	GlobalSection(ExtensibilityGlobals) = postSolution
		SolutionGuid = {7CEC36BC-3C7A-4F59-9E89-908898BE0CAB}
	EndGlobalSection
EndGlobal
